
Microsoft Visual Studio Solution File, Format Version 12.00
# Visual Studio Version 17.3
VisualStudioVersion = 17.3.32825.248
MinimumVisualStudioVersion = 10.0.40219.1
Project("{9A19103F-16F7-4668-BE54-9A1E7A4F7556}") = "DemoAuthAzure", "DemoAuthAzure\DemoAuthAzure.csproj", "{90D58AC9-2938-4C3E-8187-EB34CEB88E46}"
EndProject
Project("{FAE04EC0-301F-11D3-BF4B-00C04F79EFBC}") = "DemoAuthAzure.API", "DemoAuthAzure.API\DemoAuthAzure.API.csproj", "{0C535F1E-E4EE-43DA-808E-2A54BDD62BA4}"
EndProject
Global
	GlobalSection(SolutionConfigurationPlatforms) = preSolution
		Debug|Any CPU = Debug|Any CPU
		Release|Any CPU = Release|Any CPU
	EndGlobalSection
	GlobalSection(ProjectConfigurationPlatforms) = postSolution
		{90D58AC9-2938-4C3E-8187-EB34CEB88E46}.Debug|Any CPU.ActiveCfg = Debug|Any CPU
		{90D58AC9-2938-4C3E-8187-EB34CEB88E46}.Debug|Any CPU.Build.0 = Debug|Any CPU
		{90D58AC9-2938-4C3E-8187-EB34CEB88E46}.Release|Any CPU.ActiveCfg = Release|Any CPU
		{90D58AC9-2938-4C3E-8187-EB34CEB88E46}.Release|Any CPU.Build.0 = Release|Any CPU
		{0C535F1E-E4EE-43DA-808E-2A54BDD62BA4}.Debug|Any CPU.ActiveCfg = Debug|Any CPU
		{0C535F1E-E4EE-43DA-808E-2A54BDD62BA4}.Debug|Any CPU.Build.0 = Debug|Any CPU
		{0C535F1E-E4EE-43DA-808E-2A54BDD62BA4}.Release|Any CPU.ActiveCfg = Release|Any CPU
		{0C535F1E-E4EE-43DA-808E-2A54BDD62BA4}.Release|Any CPU.Build.0 = Release|Any CPU
	EndGlobalSection
	GlobalSection(SolutionProperties) = preSolution
		HideSolutionNode = FALSE
	EndGlobalSection
	GlobalSection(ExtensibilityGlobals) = postSolution
		SolutionGuid = {6631C360-ECCF-472A-A9A5-F4A38D626F25}
	EndGlobalSection
EndGlobal
